{
  "name": "weather-app",
  "version": "1.0.0",
  "lockfileVersion": 1,
  "requires": true,
  "dependencies": {
    "angular": {
      "version": "1.6.5",
      "resolved": "https://registry.npmjs.org/angular/-/angular-1.6.5.tgz",
      "integrity": "sha1-N/eI7r7Fzi4/oCsXu8sqIxV2oNY="
    },
    "angular-chart": {
      "version": "0.3.5",
      "resolved": "https://registry.npmjs.org/angular-chart/-/angular-chart-0.3.5.tgz",
      "integrity": "sha1-9vYdTllyuTo2XlrSTHUsp4hsfTU=",
      "requires": {
        "angular": "1.6.5",
        "c3": "0.4.15"
      }
    },
    "bootstrap": {
      "version": "3.3.7",
      "resolved": "https://registry.npmjs.org/bootstrap/-/bootstrap-3.3.7.tgz",
      "integrity": "sha1-WjiTlFSfIzMIdaOxUGVldPip63E="
    },
    "c3": {
      "version": "0.4.15",
      "resolved": "https://registry.npmjs.org/c3/-/c3-0.4.15.tgz",
      "integrity": "sha512-DRlEmSC/slaHfMg+agLYBfCkLV7ShZtJKJDrtZ10fyfXNy0bGTUygf7eOcFDmrbxAjYPajvEwfTXRqEcfC9WGw==",
      "requires": {
        "d3": "3.5.17"
      }
    },
    "d3": {
      "version": "3.5.17",
      "resolved": "https://registry.npmjs.org/d3/-/d3-3.5.17.tgz",
      "integrity": "sha1-vEZ0gAQ3iyGjYMn8fPUjF5B2L7g="
    },
    "jquery": {
      "version": "3.2.1",
      "resolved": "https://registry.npmjs.org/jquery/-/jquery-3.2.1.tgz",
      "integrity": "sha1-XE2d5lKvbNCncBVKYxu6ErAVx4c="
    },
    "moment": {
      "version": "2.18.1",
      "resolved": "https://registry.npmjs.org/moment/-/moment-2.18.1.tgz",
      "integrity": "sha1-w2GT3Tzhwu7SrbfIAtu8d6gbHA8="
    },
    "underscore": {
      "version": "1.8.3",
      "resolved": "https://registry.npmjs.org/underscore/-/underscore-1.8.3.tgz",
      "integrity": "sha1-Tz+1OxBuYJf8+ctBCfKl6b36UCI="
    }
  }
}
